[[package]]
name = "exp"
version = "0.1.0"
dependencies = [
 "gen_test 0.1.0",
 "iceblock 0.1.0",
 "igloo_macro 0.1.0",
]

[[package]]
name = "gen_test"
version = "0.1.0"
dependencies = [
 "iceblock 0.1.0",
 "igloo_macro 0.1.0",
]

[[package]]
name = "iceblock"
version = "0.1.0"

[[package]]
name = "igloo_macro"
version = "0.1.0"
dependencies = [
 "proc-macro2 0.4.9 (registry+https://github.com/rust-lang/crates.io-index)",
 "quote 0.6.5 (registry+https://github.com/rust-lang/crates.io-index)",
 "syn 0.14.7 (registry+https://github.com/rust-lang/crates.io-index)",
]

[[package]]
name = "mactest"
version = "0.1.0"
dependencies = [
 "iceblock 0.1.0",
 "igloo_macro 0.1.0",
]

[[package]]
name = "proc-macro2"
version = "0.4.9"
source = "registry+https://github.com/rust-lang/crates.io-index"
dependencies = [
 "unicode-xid 0.1.0 (registry+https://github.com/rust-lang/crates.io-index)",
]

[[package]]
name = "quote"
version = "0.6.5"
source = "registry+https://github.com/rust-lang/crates.io-index"
dependencies = [
 "proc-macro2 0.4.9 (registry+https://github.com/rust-lang/crates.io-index)",
]

[[package]]
name = "syn"
version = "0.14.7"
source = "registry+https://github.com/rust-lang/crates.io-index"
dependencies = [
 "proc-macro2 0.4.9 (registry+https://github.com/rust-lang/crates.io-index)",
 "quote 0.6.5 (registry+https://github.com/rust-lang/crates.io-index)",
 "unicode-xid 0.1.0 (registry+https://github.com/rust-lang/crates.io-index)",
]

[[package]]
name = "unicode-xid"
version = "0.1.0"
source = "registry+https://github.com/rust-lang/crates.io-index"

[metadata]
"checksum proc-macro2 0.4.9 (registry+https://github.com/rust-lang/crates.io-index)" = "cccdc7557a98fe98453030f077df7f3a042052fae465bb61d2c2c41435cfd9b6"
"checksum quote 0.6.5 (registry+https://github.com/rust-lang/crates.io-index)" = "3372dc35766b36a99ce2352bd1b6ea0137c38d215cc0c8780bf6de6df7842ba9"
"checksum syn 0.14.7 (registry+https://github.com/rust-lang/crates.io-index)" = "e2e13df71f29f9440b50261a5882c86eac334f1badb3134ec26f0de2f1418e44"
"checksum unicode-xid 0.1.0 (registry+https://github.com/rust-lang/crates.io-index)" = "fc72304796d0818e357ead4e000d19c9c174ab23dc11093ac919054d20a6a7fc"
